
Microsoft Visual Studio Solution File, Format Version 12.00
# Visual Studio 2017
Project("{FAE04EC0-301F-11D3-BF4B-00C04F79EFBC}") = "OneTouch11", "OneTouch11.csproj", "{37BDAF40-1CC5-C710-0B17-7A586B3D24BB}"
EndProject
Project("{FAE04EC0-301F-11D3-BF4B-00C04F79EFBC}") = "OneTouch11.Editor", "OneTouch11.Editor.csproj", "{42547E18-77C4-4E81-3BB2-457AC8EA634D}"
EndProject
Global
	GlobalSection(SolutionConfigurationPlatforms) = preSolution
		Debug|Any CPU = Debug|Any CPU
		Release|Any CPU = Release|Any CPU
	EndGlobalSection
	GlobalSection(ProjectConfigurationPlatforms) = postSolution
		{37BDAF40-1CC5-C710-0B17-7A586B3D24BB}.Debug|Any CPU.ActiveCfg = Debug|Any CPU
		{37BDAF40-1CC5-C710-0B17-7A586B3D24BB}.Debug|Any CPU.Build.0 = Debug|Any CPU
		{37BDAF40-1CC5-C710-0B17-7A586B3D24BB}.Release|Any CPU.ActiveCfg = Release|Any CPU
		{37BDAF40-1CC5-C710-0B17-7A586B3D24BB}.Release|Any CPU.Build.0 = Release|Any CPU
		{42547E18-77C4-4E81-3BB2-457AC8EA634D}.Debug|Any CPU.ActiveCfg = Debug|Any CPU
		{42547E18-77C4-4E81-3BB2-457AC8EA634D}.Debug|Any CPU.Build.0 = Debug|Any CPU
		{42547E18-77C4-4E81-3BB2-457AC8EA634D}.Release|Any CPU.ActiveCfg = Release|Any CPU
		{42547E18-77C4-4E81-3BB2-457AC8EA634D}.Release|Any CPU.Build.0 = Release|Any CPU
	EndGlobalSection
	GlobalSection(SolutionProperties) = preSolution
		HideSolutionNode = FALSE
	EndGlobalSection
EndGlobal
